// !$*UTF8*$!
{
	archiveVersion = 1;
	classes = {
	};
	objectVersion = 46;
	objects = {

/* Begin PBXBuildFile section */
		F6D557BC1DBFAD4600265068 /* AppDelegate.swift in Sources */ = {isa = PBXBuildFile; fileRef = F6D557BB1DBFAD4600265068 /* AppDelegate.swift */; };
		F6D557BE1DBFAD4600265068 /* ViewController.swift in Sources */ = {isa = PBXBuildFile; fileRef = F6D557BD1DBFAD4600265068 /* ViewController.swift */; };
		F6D557C11DBFAD4600265068 /* Main.storyboard in Resources */ = {isa = PBXBuildFile; fileRef = F6D557BF1DBFAD4600265068 /* Main.storyboard */; };
		F6D557C31DBFAD4600265068 /* Assets.xcassets in Resources */ = {isa = PBXBuildFile; fileRef = F6D557C21DBFAD4600265068 /* Assets.xcassets */; };
		F6D557C61DBFAD4600265068 /* LaunchScreen.storyboard in Resources */ = {isa = PBXBuildFile; fileRef = F6D557C41DBFAD4600265068 /* LaunchScreen.storyboard */; };
		F6D557D01DBFAEB400265068 /* PlayingCard.swift in Sources */ = {isa = PBXBuildFile; fileRef = F6D557CF1DBFAEB400265068 /* PlayingCard.swift */; };
		F6D557D21DBFAF0000265068 /* Card.swift in Sources */ = {isa = PBXBuildFile; fileRef = F6D557D11DBFAF0000265068 /* Card.swift */; };
/* End PBXBuildFile section */

/* Begin PBXFileReference section */
		F6D557B81DBFAD4600265068 /* CardGame.app */ = {isa = PBXFileReference; explicitFileType = wrapper.application; includeInIndex = 0; path = CardGame.app; sourceTree = BUILT_PRODUCTS_DIR; };
		F6D557BB1DBFAD4600265068 /* AppDelegate.swift */ = {isa = PBXFileReference; lastKnownFileType = sourcecode.swift; path = AppDelegate.swift; sourceTree = "<group>"; };
		F6D557BD1DBFAD4600265068 /* ViewController.swift */ = {isa = PBXFileReference; lastKnownFileType = sourcecode.swift; path = ViewController.swift; sourceTree = "<group>"; };
		F6D557C01DBFAD4600265068 /* Base */ = {isa = PBXFileReference; lastKnownFileType = file.storyboard; name = Base; path = Base.lproj/Main.storyboard; sourceTree = "<group>"; };
		F6D557C21DBFAD4600265068 /* Assets.xcassets */ = {isa = PBXFileReference; lastKnownFileType = folder.assetcatalog; path = Assets.xcassets; sourceTree = "<group>"; };
		F6D557C51DBFAD4600265068 /* Base */ = {isa = PBXFileReference; lastKnownFileType = file.storyboard; name = Base; path = Base.lproj/LaunchScreen.storyboard; sourceTree = "<group>"; };
		F6D557C71DBFAD4600265068 /* Info.plist */ = {isa = PBXFileReference; lastKnownFileType = text.plist.xml; path = Info.plist; sourceTree = "<group>"; };
		F6D557CF1DBFAEB400265068 /* PlayingCard.swift */ = {isa = PBXFileReference; fileEncoding = 4; lastKnownFileType = sourcecode.swift; path = PlayingCard.swift; sourceTree = "<group>"; };
		F6D557D11DBFAF0000265068 /* Card.swift */ = {isa = PBXFileReference; fileEncoding = 4; lastKnownFileType = sourcecode.swift; name = Card.swift; path = ../Card.swift; sourceTree = "<group>"; };
/* End PBXFileReference section */

/* Begin PBXFrameworksBuildPhase section */
		F6D557B51DBFAD4600265068 /* Frameworks */ = {
			isa = PBXFrameworksBuildPhase;
			buildActionMask = 2147483647;
			files = (
			);
			runOnlyForDeploymentPostprocessing = 0;
		};
/* End PBXFrameworksBuildPhase section */

/* Begin PBXGroup section */
		F6D557AF1DBFAD4600265068 = {
			isa = PBXGroup;
			children = (
				F6D557BA1DBFAD4600265068 /* CardGame */,
				F6D557B91DBFAD4600265068 /* Products */,
			);
			sourceTree = "<group>";
		};
		F6D557B91DBFAD4600265068 /* Products */ = {
			isa = PBXGroup;
			children = (
				F6D557B81DBFAD4600265068 /* CardGame.app */,
			);
			name = Products;
			sourceTree = "<group>";
		};
		F6D557BA1DBFAD4600265068 /* CardGame */ = {
			isa = PBXGroup;
			children = (
				F6D557BB1DBFAD4600265068 /* AppDelegate.swift */,
				F6D557BD1DBFAD4600265068 /* ViewController.swift */,
				F6D557BF1DBFAD4600265068 /* Main.storyboard */,
				F6D557C21DBFAD4600265068 /* Assets.xcassets */,
				F6D557C41DBFAD4600265068 /* LaunchScreen.storyboard */,
				F6D557C71DBFAD4600265068 /* Info.plist */,
				F6D557D51DBFAF7700265068 /* Model */,
			);
			path = CardGame;
			sourceTree = "<group>";
		};
		F6D557D51DBFAF7700265068 /* Model */ = {
			isa = PBXGroup;
			children = (
				F6D557CF1DBFAEB400265068 /* PlayingCard.swift */,
				F6D557D11DBFAF0000265068 /* Card.swift */,
			);
			name = Model;
			sourceTree = "<group>";
		};
/* End PBXGroup section */

/* Begin PBXNativeTarget section */
		F6D557B71DBFAD4600265068 /* CardGame */ = {
			isa = PBXNativeTarget;
			buildConfigurationList = F6D557CA1DBFAD4600265068 /* Build configuration list for PBXNativeTarget "CardGame" */;
			buildPhases = (
				F6D557B41DBFAD4600265068 /* Sources */,
				F6D557B51DBFAD4600265068 /* Frameworks */,
				F6D557B61DBFAD4600265068 /* Resources */,
			);
			buildRules = (
			);
			dependencies = (
			);
			name = CardGame;
			productName = CardGame;
			productReference = F6D557B81DBFAD4600265068 /* CardGame.app */;
			productType = "com.apple.product-type.application";
		};
/* End PBXNativeTarget section */

/* Begin PBXProject section */
		F6D557B01DBFAD4600265068 /* Project object */ = {
			isa = PBXProject;
			attributes = {
				LastSwiftUpdateCheck = 0720;
				LastUpgradeCheck = 0720;
				ORGANIZATIONNAME = "Tran, Phuoc";
				TargetAttributes = {
					F6D557B71DBFAD4600265068 = {
						CreatedOnToolsVersion = 7.2;
					};
				};
			};
			buildConfigurationList = F6D557B31DBFAD4600265068 /* Build configuration list for PBXProject "CardGame" */;
			compatibilityVersion = "Xcode 3.2";
			developmentRegion = English;
			hasScannedForEncodings = 0;
			knownRegions = (
				en,
				Base,
			);
			mainGroup = F6D557AF1DBFAD4600265068;
			productRefGroup = F6D557B91DBFAD4600265068 /* Products */;
			projectDirPath = "";
			projectRoot = "";
			targets = (
				F6D557B71DBFAD4600265068 /* CardGame */,
			);
		};
/* End PBXProject section */

/* Begin PBXResourcesBuildPhase section */
		F6D557B61DBFAD4600265068 /* Resources */ = {
			isa = PBXResourcesBuildPhase;
			buildActionMask = 2147483647;
			files = (
				F6D557C61DBFAD4600265068 /* LaunchScreen.storyboard in Resources */,
				F6D557C31DBFAD4600265068 /* Assets.xcassets in Resources */,
				F6D557C11DBFAD4600265068 /* Main.storyboard in Resources */,
			);
			runOnlyForDeploymentPostprocessing = 0;
		};
/* End PBXResourcesBuildPhase section */

/* Begin PBXSourcesBuildPhase section */
		F6D557B41DBFAD4600265068 /* Sources */ = {
			isa = PBXSourcesBuildPhase;
			buildActionMask = 2147483647;
			files = (
				F6D557BE1DBFAD4600265068 /* ViewController.swift in Sources */,
				F6D557D21DBFAF0000265068 /* Card.swift in Sources */,
				F6D557D01DBFAEB400265068 /* PlayingCard.swift in Sources */,
				F6D557BC1DBFAD4600265068 /* AppDelegate.swift in Sources */,
			);
			runOnlyForDeploymentPostprocessing = 0;
		};
/* End PBXSourcesBuildPhase section */

/* Begin PBXVariantGroup section */
		F6D557BF1DBFAD4600265068 /* Main.storyboard */ = {
			isa = PBXVariantGroup;
			children = (
				F6D557C01DBFAD4600265068 /* Base */,
			);
			name = Main.storyboard;
			sourceTree = "<group>";
		};
		F6D557C41DBFAD4600265068 /* LaunchScreen.storyboard */ = {
			isa = PBXVariantGroup;
			children = (
				F6D557C51DBFAD4600265068 /* Base */,
			);
			name = LaunchScreen.storyboard;
			sourceTree = "<group>";
		};
/* End PBXVariantGroup section */

/* Begin XCBuildConfiguration section */
		F6D557C81DBFAD4600265068 /* Debug */ = {
			isa = XCBuildConfiguration;
			buildSettings = {
				ALWAYS_SEARCH_USER_PATHS = NO;
				CLANG_CXX_LANGUAGE_STANDARD = "gnu++0x";
				CLANG_CXX_LIBRARY = "libc++";
				CLANG_ENABLE_MODULES = YES;
				CLANG_ENABLE_OBJC_ARC = YES;
				CLANG_WARN_BOOL_CONVERSION = YES;
				CLANG_WARN_CONSTANT_CONVERSION = YES;
				CLANG_WARN_DIRECT_OBJC_ISA_USAGE = YES_ERROR;
				CLANG_WARN_EMPTY_BODY = YES;
				CLANG_WARN_ENUM_CONVERSION = YES;
				CLANG_WARN_INT_CONVERSION = YES;
				CLANG_WARN_OBJC_ROOT_CLASS = YES_ERROR;
				CLANG_WARN_UNREACHABLE_CODE = YES;
				CLANG_WARN__DUPLICATE_METHOD_MATCH = YES;
				"CODE_SIGN_IDENTITY[sdk=iphoneos*]" = "iPhone Developer";
				COPY_PHASE_STRIP = NO;
				DEBUG_INFORMATION_FORMAT = dwarf;
				ENABLE_STRICT_OBJC_MSGSEND = YES;
				ENABLE_TESTABILITY = YES;
				GCC_C_LANGUAGE_STANDARD = gnu99;
				GCC_DYNAMIC_NO_PIC = NO;
				GCC_NO_COMMON_BLOCKS = YES;
				GCC_OPTIMIZATION_LEVEL = 0;
				GCC_PREPROCESSOR_DEFINITIONS = (
					"DEBUG=1",
					"$(inherited)",
				);
				GCC_WARN_64_TO_32_BIT_CONVERSION = YES;
				GCC_WARN_ABOUT_RETURN_TYPE = YES_ERROR;
				GCC_WARN_UNDECLARED_SELECTOR = YES;
				GCC_WARN_UNINITIALIZED_AUTOS = YES_AGGRESSIVE;
				GCC_WARN_UNUSED_FUNCTION = YES;
				GCC_WARN_UNUSED_VARIABLE = YES;
				IPHONEOS_DEPLOYMENT_TARGET = 9.2;
				MTL_ENABLE_DEBUG_INFO = YES;
				ONLY_ACTIVE_ARCH = YES;
				SDKROOT = iphoneos;
				SWIFT_OPTIMIZATION_LEVEL = "-Onone";
				TARGETED_DEVICE_FAMILY = "1,2";
			};
			name = Debug;
		};
		F6D557C91DBFAD4600265068 /* Release */ = {
			isa = XCBuildConfiguration;
			buildSettings = {
				ALWAYS_SEARCH_USER_PATHS = NO;
				CLANG_CXX_LANGUAGE_STANDARD = "gnu++0x";
				CLANG_CXX_LIBRARY = "libc++";
				CLANG_ENABLE_MODULES = YES;
				CLANG_ENABLE_OBJC_ARC = YES;
				CLANG_WARN_BOOL_CONVERSION = YES;
				CLANG_WARN_CONSTANT_CONVERSION = YES;
				CLANG_WARN_DIRECT_OBJC_ISA_USAGE = YES_ERROR;
				CLANG_WARN_EMPTY_BODY = YES;
				CLANG_WARN_ENUM_CONVERSION = YES;
				CLANG_WARN_INT_CONVERSION = YES;
				CLANG_WARN_OBJC_ROOT_CLASS = YES_ERROR;
				CLANG_WARN_UNREACHABLE_CODE = YES;
				CLANG_WARN__DUPLICATE_METHOD_MATCH = YES;
				"CODE_SIGN_IDENTITY[sdk=iphoneos*]" = "iPhone Developer";
				COPY_PHASE_STRIP = NO;
				DEBUG_INFORMATION_FORMAT = "dwarf-with-dsym";
				ENABLE_NS_ASSERTIONS = NO;
				ENABLE_STRICT_OBJC_MSGSEND = YES;
				GCC_C_LANGUAGE_STANDARD = gnu99;
				GCC_NO_COMMON_BLOCKS = YES;
				GCC_WARN_64_TO_32_BIT_CONVERSION = YES;
				GCC_WARN_ABOUT_RETURN_TYPE = YES_ERROR;
				GCC_WARN_UNDECLARED_SELECTOR = YES;
				GCC_WARN_UNINITIALIZED_AUTOS = YES_AGGRESSIVE;
				GCC_WARN_UNUSED_FUNCTION = YES;
				GCC_WARN_UNUSED_VARIABLE = YES;
				IPHONEOS_DEPLOYMENT_TARGET = 9.2;
				MTL_ENABLE_DEBUG_INFO = NO;
				SDKROOT = iphoneos;
				TARGETED_DEVICE_FAMILY = "1,2";
				VALIDATE_PRODUCT = YES;
			};
			name = Release;
		};
		F6D557CB1DBFAD4600265068 /* Debug */ = {
			isa = XCBuildConfiguration;
			buildSettings = {
				ASSETCATALOG_COMPILER_APPICON_NAME = AppIcon;
				INFOPLIST_FILE = CardGame/Info.plist;
				LD_RUNPATH_SEARCH_PATHS = "$(inherited) @executable_path/Frameworks";
				PRODUCT_BUNDLE_IDENTIFIER = Ctec.CardGame;
				PRODUCT_NAME = "$(TARGET_NAME)";
			};
			name = Debug;
		};
		F6D557CC1DBFAD4600265068 /* Release */ = {
			isa = XCBuildConfiguration;
			buildSettings = {
				ASSETCATALOG_COMPILER_APPICON_NAME = AppIcon;
				INFOPLIST_FILE = CardGame/Info.plist;
				LD_RUNPATH_SEARCH_PATHS = "$(inherited) @executable_path/Frameworks";
				PRODUCT_BUNDLE_IDENTIFIER = Ctec.CardGame;
				PRODUCT_NAME = "$(TARGET_NAME)";
			};
			name = Release;
		};
/* End XCBuildConfiguration section */

/* Begin XCConfigurationList section */
		F6D557B31DBFAD4600265068 /* Build configuration list for PBXProject "CardGame" */ = {
			isa = XCConfigurationList;
			buildConfigurations = (
				F6D557C81DBFAD4600265068 /* Debug */,
				F6D557C91DBFAD4600265068 /* Release */,
			);
			defaultConfigurationIsVisible = 0;
			defaultConfigurationName = Release;
		};
		F6D557CA1DBFAD4600265068 /* Build configuration list for PBXNativeTarget "CardGame" */ = {
			isa = XCConfigurationList;
			buildConfigurations = (
				F6D557CB1DBFAD4600265068 /* Debug */,
				F6D557CC1DBFAD4600265068 /* Release */,
			);
			defaultConfigurationIsVisible = 0;
		};
/* End XCConfigurationList section */
	};
	rootObject = F6D557B01DBFAD4600265068 /* Project object */;
}
